schema: '2.0'
stages:
  preprocess:
    cmd: python src/preprocess.py
    deps:
    - path: data/raw/data.csv
      hash: md5
      md5: 739f3c9177b13d1c15aa060046cfb023
      size: 23872
    - path: src/preprocess.py
      hash: md5
      md5: af4ac0bfb9217a41b23c0910d6aa7744
      size: 469
    params:
      params.yaml:
        preprocess.input: data/raw/data.csv
        preprocess.output: data/Preprocess/processed_data.csv
    outs:
    - path: data/Preprocess/processed_data.csv
      hash: md5
      md5: 478f6c9945e87f23d6e32638adf17e50
      size: 23960
  train:
    cmd: python src/train.py
    deps:
    - path: data/Preprocess/processed_data.csv
      hash: md5
      md5: 478f6c9945e87f23d6e32638adf17e50
      size: 23960
    - path: src/train.py
      hash: md5
      md5: a1fd873c87f1090c479cab6c75a55ce6
      size: 7479
    params:
      params.yaml:
        train.data: data/raw/data.csv
        train.max_depth: 5
        train.model_output: models/model.pkl
        train.n_estimators: 100
        train.random_state: 42
    outs:
    - path: models/model.pkl
      hash: md5
      md5: 4aabb2a5c2d7f4c90089ea97b8d28913
      size: 2601354
